[[tools.jq]]
version = "1.8.1"
backend = "aqua:jqlang/jq"
"platforms.linux-arm64" = { checksum = "sha256:6bc62f25981328edd3cfcfe6fe51b073f2d7e7710d7ef7fcdac28d4e384fc3d4", url = "https://github.com/jqlang/jq/releases/download/jq-1.8.1/jq-linux-arm64"}
"platforms.linux-x64" = { checksum = "sha256:020468de7539ce70ef1bceaf7cde2e8c4f2ca6c3afb84642aabc5c97d9fc2a0d", url = "https://github.com/jqlang/jq/releases/download/jq-1.8.1/jq-linux-amd64"}
"platforms.macos-arm64" = { checksum = "sha256:a9fe3ea2f86dfc72f6728417521ec9067b343277152b114f4e98d8cb0e263603", url = "https://github.com/jqlang/jq/releases/download/jq-1.8.1/jq-macos-arm64"}
"platforms.macos-x64" = { checksum = "sha256:e80dbe0d2a2597e3c11c404f03337b981d74b4a8504b70586c354b7697a7c27f", url = "https://github.com/jqlang/jq/releases/download/jq-1.8.1/jq-macos-amd64"}
"platforms.windows-x64" = { checksum = "sha256:23cb60a1354eed6bcc8d9b9735e8c7b388cd1fdcb75726b93bc299ef22dd9334", url = "https://github.com/jqlang/jq/releases/download/jq-1.8.1/jq-windows-amd64.exe"}

[[tools.node]]
version = "20.11.1"
backend = "core:node"
"platforms.linux-arm64" = { checksum = "sha256:e34ab2fc2726b4abd896bcbff0250e9b2da737cbd9d24267518a802ed0606f3b", url = "https://nodejs.org/dist/v20.11.1/node-v20.11.1-linux-arm64.tar.gz"}
"platforms.linux-x64" = { checksum = "sha256:bf3a779bef19452da90fb88358ec2c57e0d2f882839b20dc6afc297b6aafc0d7", url = "https://nodejs.org/dist/v20.11.1/node-v20.11.1-linux-x64.tar.gz"}
"platforms.macos-arm64" = { checksum = "sha256:e0065c61f340e85106a99c4b54746c5cee09d59b08c5712f67f99e92aa44995d", url = "https://nodejs.org/dist/v20.11.1/node-v20.11.1-darwin-arm64.tar.gz"}
"platforms.macos-x64" = { checksum = "sha256:c52e7fb0709dbe63a4cbe08ac8af3479188692937a7bd8e776e0eedfa33bb848", url = "https://nodejs.org/dist/v20.11.1/node-v20.11.1-darwin-x64.tar.gz"}
"platforms.windows-x64" = { checksum = "sha256:bc032628d77d206ffa7f133518a6225a9c5d6d9210ead30d67e294ff37044bda", url = "https://nodejs.org/dist/v20.11.1/node-v20.11.1-win-x64.zip"}

[[tools.opentofu]]
version = "1.9.0"
backend = "aqua:opentofu/opentofu"

[[tools.pre-commit]]
version = "4.5.1"
backend = "aqua:pre-commit/pre-commit"
"platforms.linux-arm64" = { checksum = "sha256:19d00ba35cbf9c04dc3736cd8bb641e8633f3eddd4cedde71809574ae68a2cd1", url = "https://github.com/pre-commit/pre-commit/releases/download/v4.5.1/pre-commit-4.5.1.pyz"}
"platforms.linux-x64" = { checksum = "sha256:19d00ba35cbf9c04dc3736cd8bb641e8633f3eddd4cedde71809574ae68a2cd1", url = "https://github.com/pre-commit/pre-commit/releases/download/v4.5.1/pre-commit-4.5.1.pyz"}
"platforms.macos-arm64" = { checksum = "sha256:19d00ba35cbf9c04dc3736cd8bb641e8633f3eddd4cedde71809574ae68a2cd1", url = "https://github.com/pre-commit/pre-commit/releases/download/v4.5.1/pre-commit-4.5.1.pyz"}
"platforms.macos-x64" = { checksum = "sha256:19d00ba35cbf9c04dc3736cd8bb641e8633f3eddd4cedde71809574ae68a2cd1", url = "https://github.com/pre-commit/pre-commit/releases/download/v4.5.1/pre-commit-4.5.1.pyz"}

[[tools.terraform-docs]]
version = "0.21.0"
backend = "aqua:terraform-docs/terraform-docs"
"platforms.linux-arm64" = { checksum = "sha256:35b2e6846268841484e6eea7d00d7dfe2c94b4725e52cfe19aa6c26a86c32edc", url = "https://github.com/terraform-docs/terraform-docs/releases/download/v0.21.0/terraform-docs-v0.21.0-linux-arm64.tar.gz"}
"platforms.linux-x64" = { checksum = "sha256:2fdd81b8d21ff1498cd559af0dcc5d155835f84600db06d3923e217124fc735a", url = "https://github.com/terraform-docs/terraform-docs/releases/download/v0.21.0/terraform-docs-v0.21.0-linux-amd64.tar.gz"}
"platforms.macos-arm64" = { checksum = "sha256:92d6988d8c59c25aa1724068f4bc2d0f01a9d4706077e258e946e944ad7eee03", url = "https://github.com/terraform-docs/terraform-docs/releases/download/v0.21.0/terraform-docs-v0.21.0-darwin-arm64.tar.gz"}
"platforms.macos-x64" = { checksum = "sha256:ddf4b53925d857ae81210ebeda32b429a17385d6e4561ab1972067a9ccb36873", url = "https://github.com/terraform-docs/terraform-docs/releases/download/v0.21.0/terraform-docs-v0.21.0-darwin-amd64.tar.gz"}
"platforms.windows-x64" = { checksum = "sha256:9f45957d50656ec91c6172d73a6c9e6a22df2ccc7ca880cf288d19d6f5e349db", url = "https://github.com/terraform-docs/terraform-docs/releases/download/v0.21.0/terraform-docs-v0.21.0-windows-amd64.zip"}

[[tools.tflint]]
version = "0.51.1"
backend = "aqua:terraform-linters/tflint"
"platforms.linux-arm64" = { checksum = "sha256:918ae33a55b28252cdcb9acc47f75a2a0dadb26b6b4f11600bea05685edd557f", url = "https://github.com/terraform-linters/tflint/releases/download/v0.51.1/tflint_linux_arm64.zip"}
"platforms.linux-x64" = { checksum = "sha256:f45cf2868b6606744d72c41473906546c5738ddba41a222221da9572ade92336", url = "https://github.com/terraform-linters/tflint/releases/download/v0.51.1/tflint_linux_amd64.zip"}
"platforms.macos-arm64" = { checksum = "sha256:4e139b572723ada5e7cfbf214183c413e633f17d44d9fe649f1a8d8c4312ae3f", url = "https://github.com/terraform-linters/tflint/releases/download/v0.51.1/tflint_darwin_arm64.zip"}
"platforms.macos-x64" = { checksum = "sha256:271ce18e05429f9d324d73f946aebe8d00583bd1f48486012314eacd4b60b57a", url = "https://github.com/terraform-linters/tflint/releases/download/v0.51.1/tflint_darwin_amd64.zip"}
"platforms.windows-x64" = { checksum = "sha256:4c46bbef6181145b451249eb5161ffae49ccaa4b59054e9943911b4d9b7c38c7", url = "https://github.com/terraform-linters/tflint/releases/download/v0.51.1/tflint_windows_amd64.zip"}

[[tools.trivy]]
version = "0.69.3"
backend = "aqua:aquasecurity/trivy"
"platforms.linux-arm64" = { checksum = "sha256:7e3924a974e912e57b4a99f65ece7931f8079584dae12eb7845024f97087bdfd", url = "https://github.com/aquasecurity/trivy/releases/download/v0.69.3/trivy_0.69.3_Linux-ARM64.tar.gz"}
"platforms.linux-x64" = { checksum = "sha256:1816b632dfe529869c740c0913e36bd1629cb7688bd5634f4a858c1d57c88b75", url = "https://github.com/aquasecurity/trivy/releases/download/v0.69.3/trivy_0.69.3_Linux-64bit.tar.gz"}
"platforms.macos-arm64" = { checksum = "sha256:a2f2179afd4f8bb265ca3c7aefb56a666bc4a9a411663bc0f22c3549fbc643a5", url = "https://github.com/aquasecurity/trivy/releases/download/v0.69.3/trivy_0.69.3_macOS-ARM64.tar.gz"}
"platforms.macos-x64" = { checksum = "sha256:fec4a9f7569b624dd9d044fca019e5da69e032700edbb1d7318972c448ec2f4e", url = "https://github.com/aquasecurity/trivy/releases/download/v0.69.3/trivy_0.69.3_macOS-64bit.tar.gz"}
"platforms.windows-x64" = { checksum = "sha256:74362dc711383255308230ecbeb587eb1e4e83a8d332be5b0259afac6e0c2224", url = "https://github.com/aquasecurity/trivy/releases/download/v0.69.3/trivy_0.69.3_windows-64bit.zip"}

[[tools.trivy]]
version = "0.69.2"
backend = "aqua:aquasecurity/trivy"
"platforms.linux-arm64" = { checksum = "sha256:c73b97699c317b0d25532b3f188564b4e29d13d5472ce6f8eb078082546a6481", url = "https://github.com/aquasecurity/trivy/releases/download/v0.69.2/trivy_0.69.2_Linux-ARM64.tar.gz"}
"platforms.linux-x64" = { checksum = "sha256:affa59a1e37d86e4b8ab2cd02f0ab2e63d22f1bf9cf6a7aa326c884e25e26ce3", url = "https://github.com/aquasecurity/trivy/releases/download/v0.69.2/trivy_0.69.2_Linux-64bit.tar.gz"}
"platforms.macos-arm64" = { checksum = "sha256:320c0e6af90b5733b9326da0834240e944c6f44091e50019abdf584237ff4d0c", url = "https://github.com/aquasecurity/trivy/releases/download/v0.69.2/trivy_0.69.2_macOS-ARM64.tar.gz"}
"platforms.macos-x64" = { checksum = "sha256:41f6eac3ebe3a00448a16f08038b55ce769fe2d5128cb0d64bdf282cdad4831a", url = "https://github.com/aquasecurity/trivy/releases/download/v0.69.2/trivy_0.69.2_macOS-64bit.tar.gz"}
"platforms.windows-x64" = { checksum = "sha256:d772fa7c3c1bc52d2914ff78107596fbd20010b5f18bec6f39d63ee3bb31ad45", url = "https://github.com/aquasecurity/trivy/releases/download/v0.69.2/trivy_0.69.2_windows-64bit.zip"}
